
Microsoft Visual Studio Solution File, Format Version 12.00
# Visual Studio Version 17
VisualStudioVersion = 17.0.31903.59
MinimumVisualStudioVersion = 10.0.40219.1
Project("{FAE04EC0-301F-11D3-BF4B-00C04F79EFBC}") = "Project2UI", "Project2UI\Project2UI.csproj", "{5470B0C3-A5EF-4A0B-AE69-FDF6F3070F5D}"
EndProject
Global
	GlobalSection(SolutionConfigurationPlatforms) = preSolution
		Debug|Any CPU = Debug|Any CPU
		Release|Any CPU = Release|Any CPU
	EndGlobalSection
	GlobalSection(ProjectConfigurationPlatforms) = postSolution
		{5470B0C3-A5EF-4A0B-AE69-FDF6F3070F5D}.Debug|Any CPU.ActiveCfg = Debug|Any CPU
		{5470B0C3-A5EF-4A0B-AE69-FDF6F3070F5D}.Debug|Any CPU.Build.0 = Debug|Any CPU
		{5470B0C3-A5EF-4A0B-AE69-FDF6F3070F5D}.Release|Any CPU.ActiveCfg = Release|Any CPU
		{5470B0C3-A5EF-4A0B-AE69-FDF6F3070F5D}.Release|Any CPU.Build.0 = Release|Any CPU
	EndGlobalSection
	GlobalSection(SolutionProperties) = preSolution
		HideSolutionNode = FALSE
	EndGlobalSection
	GlobalSection(ExtensibilityGlobals) = postSolution
		SolutionGuid = {087F54F8-BD7E-4FD3-AE8E-292FD19E5BD0}
	EndGlobalSection
EndGlobal
